
Microsoft Visual Studio Solution File, Format Version 12.00
# Visual Studio Version 16
VisualStudioVersion = 16.0.30717.126
MinimumVisualStudioVersion = 10.0.40219.1
Project("{FAE04EC0-301F-11D3-BF4B-00C04F79EFBC}") = "CS_WEPAPP1", "CS_WEPAPP1\CS_WEPAPP1.csproj", "{C39DAEC5-DB7F-439F-BFD4-B39FEBDC254D}"
EndProject
Global
	GlobalSection(SolutionConfigurationPlatforms) = preSolution
		Debug|Any CPU = Debug|Any CPU
		Release|Any CPU = Release|Any CPU
	EndGlobalSection
	GlobalSection(ProjectConfigurationPlatforms) = postSolution
		{C39DAEC5-DB7F-439F-BFD4-B39FEBDC254D}.Debug|Any CPU.ActiveCfg = Debug|Any CPU
		{C39DAEC5-DB7F-439F-BFD4-B39FEBDC254D}.Debug|Any CPU.Build.0 = Debug|Any CPU
		{C39DAEC5-DB7F-439F-BFD4-B39FEBDC254D}.Release|Any CPU.ActiveCfg = Release|Any CPU
		{C39DAEC5-DB7F-439F-BFD4-B39FEBDC254D}.Release|Any CPU.Build.0 = Release|Any CPU
	EndGlobalSection
	GlobalSection(SolutionProperties) = preSolution
		HideSolutionNode = FALSE
	EndGlobalSection
	GlobalSection(ExtensibilityGlobals) = postSolution
		SolutionGuid = {90420427-0DD1-4255-9793-0109BF521661}
	EndGlobalSection
EndGlobal
